
Microsoft Visual Studio Solution File, Format Version 12.00
# Visual Studio Version 17
VisualStudioVersion = 17.14.36518.9 d17.14
MinimumVisualStudioVersion = 10.0.40219.1
Project("{8BC9CEB8-8B4A-11D0-8D11-00A0C91BC942}") = "ed_6.7", "ed_6.7.vcxproj", "{F8B6E660-E7F0-4E72-9957-43F8D6F8AA63}"
EndProject
Global
	GlobalSection(SolutionConfigurationPlatforms) = preSolution
		Debug|x64 = Debug|x64
		Debug|x86 = Debug|x86
		Release|x64 = Release|x64
		Release|x86 = Release|x86
	EndGlobalSection
	GlobalSection(ProjectConfigurationPlatforms) = postSolution
		{F8B6E660-E7F0-4E72-9957-43F8D6F8AA63}.Debug|x64.ActiveCfg = Debug|x64
		{F8B6E660-E7F0-4E72-9957-43F8D6F8AA63}.Debug|x64.Build.0 = Debug|x64
		{F8B6E660-E7F0-4E72-9957-43F8D6F8AA63}.Debug|x86.ActiveCfg = Debug|Win32
		{F8B6E660-E7F0-4E72-9957-43F8D6F8AA63}.Debug|x86.Build.0 = Debug|Win32
		{F8B6E660-E7F0-4E72-9957-43F8D6F8AA63}.Release|x64.ActiveCfg = Release|x64
		{F8B6E660-E7F0-4E72-9957-43F8D6F8AA63}.Release|x64.Build.0 = Release|x64
		{F8B6E660-E7F0-4E72-9957-43F8D6F8AA63}.Release|x86.ActiveCfg = Release|Win32
		{F8B6E660-E7F0-4E72-9957-43F8D6F8AA63}.Release|x86.Build.0 = Release|Win32
	EndGlobalSection
	GlobalSection(SolutionProperties) = preSolution
		HideSolutionNode = FALSE
	EndGlobalSection
	GlobalSection(ExtensibilityGlobals) = postSolution
		SolutionGuid = {D1F5F943-12CA-43D5-A29C-AD2668B7356A}
	EndGlobalSection
EndGlobal
