
Microsoft Visual Studio Solution File, Format Version 12.00
# Visual Studio Version 17
VisualStudioVersion = 17.14.36518.9 d17.14
MinimumVisualStudioVersion = 10.0.40219.1
Project("{8BC9CEB8-8B4A-11D0-8D11-00A0C91BC942}") = "ed_1.2", "ed_1.2.vcxproj", "{24C3F372-CC23-4B42-A8B5-65610BBC8A29}"
EndProject
Global
	GlobalSection(SolutionConfigurationPlatforms) = preSolution
		Debug|x64 = Debug|x64
		Debug|x86 = Debug|x86
		Release|x64 = Release|x64
		Release|x86 = Release|x86
	EndGlobalSection
	GlobalSection(ProjectConfigurationPlatforms) = postSolution
		{24C3F372-CC23-4B42-A8B5-65610BBC8A29}.Debug|x64.ActiveCfg = Debug|x64
		{24C3F372-CC23-4B42-A8B5-65610BBC8A29}.Debug|x64.Build.0 = Debug|x64
		{24C3F372-CC23-4B42-A8B5-65610BBC8A29}.Debug|x86.ActiveCfg = Debug|Win32
		{24C3F372-CC23-4B42-A8B5-65610BBC8A29}.Debug|x86.Build.0 = Debug|Win32
		{24C3F372-CC23-4B42-A8B5-65610BBC8A29}.Release|x64.ActiveCfg = Release|x64
		{24C3F372-CC23-4B42-A8B5-65610BBC8A29}.Release|x64.Build.0 = Release|x64
		{24C3F372-CC23-4B42-A8B5-65610BBC8A29}.Release|x86.ActiveCfg = Release|Win32
		{24C3F372-CC23-4B42-A8B5-65610BBC8A29}.Release|x86.Build.0 = Release|Win32
	EndGlobalSection
	GlobalSection(SolutionProperties) = preSolution
		HideSolutionNode = FALSE
	EndGlobalSection
	GlobalSection(ExtensibilityGlobals) = postSolution
		SolutionGuid = {BFDDB195-32DC-4EEB-88D8-F342BD120883}
	EndGlobalSection
EndGlobal
